
Microsoft Visual Studio Solution File, Format Version 12.00
# Visual Studio 14
VisualStudioVersion = 14.0.24720.0
MinimumVisualStudioVersion = 10.0.40219.1
Project("{FAE04EC0-301F-11D3-BF4B-00C04F79EFBC}") = "AuctionService.Domain", "AuctionService.Domain\AuctionService.Domain.csproj", "{5C585FEA-9DF5-4D11-B2A9-C0BDF4CED00E}"
EndProject
Project("{FAE04EC0-301F-11D3-BF4B-00C04F79EFBC}") = "AuctionService.Domain.Tests", "AuctionService.Domain.Tests\AuctionService.Domain.Tests.csproj", "{3C8E9A10-AC53-4381-9FAA-EFDEA7AEA676}"
EndProject
Project("{FAE04EC0-301F-11D3-BF4B-00C04F79EFBC}") = "AuctionService.Data", "AuctionService.Data\AuctionService.Data.csproj", "{85B2B857-673F-472A-8CEE-8341A29312BB}"
EndProject
Project("{FAE04EC0-301F-11D3-BF4B-00C04F79EFBC}") = "AuctionService.Business", "AuctionService.Business\AuctionService.Business.csproj", "{76E21FC2-E81E-4B25-96B8-0BB5F9F8C1E1}"
EndProject
Project("{FAE04EC0-301F-11D3-BF4B-00C04F79EFBC}") = "AuctionService.Business.Tests", "AuctionService.Business.Tests\AuctionService.Business.Tests.csproj", "{847B187C-4D41-4DAF-A005-A8F466E0A238}"
EndProject
Project("{FAE04EC0-301F-11D3-BF4B-00C04F79EFBC}") = "AuctionService.Api", "AuctionService.Api\AuctionService.Api.csproj", "{ED4FFC95-223B-4A6C-BC84-5903373299B5}"
EndProject
Global
	GlobalSection(SolutionConfigurationPlatforms) = preSolution
		Debug|Any CPU = Debug|Any CPU
		Release|Any CPU = Release|Any CPU
	EndGlobalSection
	GlobalSection(ProjectConfigurationPlatforms) = postSolution
		{5C585FEA-9DF5-4D11-B2A9-C0BDF4CED00E}.Debug|Any CPU.ActiveCfg = Debug|Any CPU
		{5C585FEA-9DF5-4D11-B2A9-C0BDF4CED00E}.Debug|Any CPU.Build.0 = Debug|Any CPU
		{5C585FEA-9DF5-4D11-B2A9-C0BDF4CED00E}.Release|Any CPU.ActiveCfg = Release|Any CPU
		{5C585FEA-9DF5-4D11-B2A9-C0BDF4CED00E}.Release|Any CPU.Build.0 = Release|Any CPU
		{3C8E9A10-AC53-4381-9FAA-EFDEA7AEA676}.Debug|Any CPU.ActiveCfg = Debug|Any CPU
		{3C8E9A10-AC53-4381-9FAA-EFDEA7AEA676}.Debug|Any CPU.Build.0 = Debug|Any CPU
		{3C8E9A10-AC53-4381-9FAA-EFDEA7AEA676}.Release|Any CPU.ActiveCfg = Release|Any CPU
		{3C8E9A10-AC53-4381-9FAA-EFDEA7AEA676}.Release|Any CPU.Build.0 = Release|Any CPU
		{85B2B857-673F-472A-8CEE-8341A29312BB}.Debug|Any CPU.ActiveCfg = Debug|Any CPU
		{85B2B857-673F-472A-8CEE-8341A29312BB}.Debug|Any CPU.Build.0 = Debug|Any CPU
		{85B2B857-673F-472A-8CEE-8341A29312BB}.Release|Any CPU.ActiveCfg = Release|Any CPU
		{85B2B857-673F-472A-8CEE-8341A29312BB}.Release|Any CPU.Build.0 = Release|Any CPU
		{76E21FC2-E81E-4B25-96B8-0BB5F9F8C1E1}.Debug|Any CPU.ActiveCfg = Debug|Any CPU
		{76E21FC2-E81E-4B25-96B8-0BB5F9F8C1E1}.Debug|Any CPU.Build.0 = Debug|Any CPU
		{76E21FC2-E81E-4B25-96B8-0BB5F9F8C1E1}.Release|Any CPU.ActiveCfg = Release|Any CPU
		{76E21FC2-E81E-4B25-96B8-0BB5F9F8C1E1}.Release|Any CPU.Build.0 = Release|Any CPU
		{847B187C-4D41-4DAF-A005-A8F466E0A238}.Debug|Any CPU.ActiveCfg = Debug|Any CPU
		{847B187C-4D41-4DAF-A005-A8F466E0A238}.Debug|Any CPU.Build.0 = Debug|Any CPU
		{847B187C-4D41-4DAF-A005-A8F466E0A238}.Release|Any CPU.ActiveCfg = Release|Any CPU
		{847B187C-4D41-4DAF-A005-A8F466E0A238}.Release|Any CPU.Build.0 = Release|Any CPU
		{ED4FFC95-223B-4A6C-BC84-5903373299B5}.Debug|Any CPU.ActiveCfg = Debug|Any CPU
		{ED4FFC95-223B-4A6C-BC84-5903373299B5}.Debug|Any CPU.Build.0 = Debug|Any CPU
		{ED4FFC95-223B-4A6C-BC84-5903373299B5}.Release|Any CPU.ActiveCfg = Release|Any CPU
		{ED4FFC95-223B-4A6C-BC84-5903373299B5}.Release|Any CPU.Build.0 = Release|Any CPU
	EndGlobalSection
	GlobalSection(SolutionProperties) = preSolution
		HideSolutionNode = FALSE
	EndGlobalSection
EndGlobal
